
Microsoft Visual Studio Solution File, Format Version 12.00
# Visual Studio Version 17
VisualStudioVersion = 17.14.36221.1 d17.14
MinimumVisualStudioVersion = 10.0.40219.1
Project("{FAE04EC0-301F-11D3-BF4B-00C04F79EFBC}") = "WebApplication5", "WebApplication5\WebApplication5.csproj", "{E4A6DC09-4B52-43A6-AC17-8A046347EF95}"
EndProject
Global
	GlobalSection(SolutionConfigurationPlatforms) = preSolution
		Debug|Any CPU = Debug|Any CPU
		Release|Any CPU = Release|Any CPU
	EndGlobalSection
	GlobalSection(ProjectConfigurationPlatforms) = postSolution
		{E4A6DC09-4B52-43A6-AC17-8A046347EF95}.Debug|Any CPU.ActiveCfg = Debug|Any CPU
		{E4A6DC09-4B52-43A6-AC17-8A046347EF95}.Debug|Any CPU.Build.0 = Debug|Any CPU
		{E4A6DC09-4B52-43A6-AC17-8A046347EF95}.Release|Any CPU.ActiveCfg = Release|Any CPU
		{E4A6DC09-4B52-43A6-AC17-8A046347EF95}.Release|Any CPU.Build.0 = Release|Any CPU
	EndGlobalSection
	GlobalSection(SolutionProperties) = preSolution
		HideSolutionNode = FALSE
	EndGlobalSection
	GlobalSection(ExtensibilityGlobals) = postSolution
		SolutionGuid = {FAE79A04-432A-4EDA-ABE4-231CA9138C9F}
	EndGlobalSection
EndGlobal
